
Microsoft Visual Studio Solution File, Format Version 12.00
# Visual Studio 15
VisualStudioVersion = 15.0.27130.2010
MinimumVisualStudioVersion = 10.0.40219.1
Project("{9A19103F-16F7-4668-BE54-9A1E7A4F7556}") = "FuzzySharp", "FuzzySharp\FuzzySharp.csproj", "{348B90DA-DA44-45AD-B857-D3A69D05AE46}"
EndProject
Project("{9A19103F-16F7-4668-BE54-9A1E7A4F7556}") = "FuzzySharp.Test", "FuzzySharp.Test\FuzzySharp.Test.csproj", "{08996DDB-7649-4495-BF4D-91C400EC1AC9}"
EndProject
Global
	GlobalSection(SolutionConfigurationPlatforms) = preSolution
		Debug|Any CPU = Debug|Any CPU
		Release|Any CPU = Release|Any CPU
	EndGlobalSection
	GlobalSection(ProjectConfigurationPlatforms) = postSolution
		{348B90DA-DA44-45AD-B857-D3A69D05AE46}.Debug|Any CPU.ActiveCfg = Debug|Any CPU
		{348B90DA-DA44-45AD-B857-D3A69D05AE46}.Debug|Any CPU.Build.0 = Debug|Any CPU
		{348B90DA-DA44-45AD-B857-D3A69D05AE46}.Release|Any CPU.ActiveCfg = Release|Any CPU
		{348B90DA-DA44-45AD-B857-D3A69D05AE46}.Release|Any CPU.Build.0 = Release|Any CPU
		{08996DDB-7649-4495-BF4D-91C400EC1AC9}.Debug|Any CPU.ActiveCfg = Debug|Any CPU
		{08996DDB-7649-4495-BF4D-91C400EC1AC9}.Debug|Any CPU.Build.0 = Debug|Any CPU
		{08996DDB-7649-4495-BF4D-91C400EC1AC9}.Release|Any CPU.ActiveCfg = Release|Any CPU
		{08996DDB-7649-4495-BF4D-91C400EC1AC9}.Release|Any CPU.Build.0 = Release|Any CPU
	EndGlobalSection
	GlobalSection(SolutionProperties) = preSolution
		HideSolutionNode = FALSE
	EndGlobalSection
	GlobalSection(ExtensibilityGlobals) = postSolution
		SolutionGuid = {8B80F7B1-E7E5-4BDA-93E7-5596C608656F}
	EndGlobalSection
EndGlobal
